
Microsoft Visual Studio Solution File, Format Version 12.00
# Visual Studio Version 17
VisualStudioVersion = 17.7.34031.279
MinimumVisualStudioVersion = 10.0.40219.1
Project("{2150E333-8FDC-42A3-9474-1A3956D46DE8}") = "Services", "Services", "{D2B06551-41ED-4B26-8CDC-1D077914A5ED}"
EndProject
Project("{2150E333-8FDC-42A3-9474-1A3956D46DE8}") = "Catalog", "Catalog", "{F2113565-5550-4667-A26B-83B6D9A2BC54}"
EndProject
Project("{9A19103F-16F7-4668-BE54-9A1E7A4F7556}") = "Catalog.API", "Services\Catalog\Catalog.API\Catalog.API.csproj", "{BB16120C-D148-4F6B-89CF-4A489E80B4C4}"
EndProject
Project("{E53339B2-1760-4266-BCC7-CA923CBCF16C}") = "docker-compose", "docker-compose.dcproj", "{80D340E5-5365-4608-9DC2-A86C87FF9323}"
EndProject
Global
	GlobalSection(SolutionConfigurationPlatforms) = preSolution
		Debug|Any CPU = Debug|Any CPU
		Release|Any CPU = Release|Any CPU
	EndGlobalSection
	GlobalSection(ProjectConfigurationPlatforms) = postSolution
		{BB16120C-D148-4F6B-89CF-4A489E80B4C4}.Debug|Any CPU.ActiveCfg = Debug|Any CPU
		{BB16120C-D148-4F6B-89CF-4A489E80B4C4}.Debug|Any CPU.Build.0 = Debug|Any CPU
		{BB16120C-D148-4F6B-89CF-4A489E80B4C4}.Release|Any CPU.ActiveCfg = Release|Any CPU
		{BB16120C-D148-4F6B-89CF-4A489E80B4C4}.Release|Any CPU.Build.0 = Release|Any CPU
		{80D340E5-5365-4608-9DC2-A86C87FF9323}.Debug|Any CPU.ActiveCfg = Debug|Any CPU
		{80D340E5-5365-4608-9DC2-A86C87FF9323}.Debug|Any CPU.Build.0 = Debug|Any CPU
		{80D340E5-5365-4608-9DC2-A86C87FF9323}.Release|Any CPU.ActiveCfg = Release|Any CPU
		{80D340E5-5365-4608-9DC2-A86C87FF9323}.Release|Any CPU.Build.0 = Release|Any CPU
	EndGlobalSection
	GlobalSection(SolutionProperties) = preSolution
		HideSolutionNode = FALSE
	EndGlobalSection
	GlobalSection(NestedProjects) = preSolution
		{F2113565-5550-4667-A26B-83B6D9A2BC54} = {D2B06551-41ED-4B26-8CDC-1D077914A5ED}
		{BB16120C-D148-4F6B-89CF-4A489E80B4C4} = {F2113565-5550-4667-A26B-83B6D9A2BC54}
	EndGlobalSection
	GlobalSection(ExtensibilityGlobals) = postSolution
		SolutionGuid = {D8EF5AD5-5637-499B-A021-45EB8BDCF8A6}
	EndGlobalSection
EndGlobal
