
Microsoft Visual Studio Solution File, Format Version 12.00
# Visual Studio Version 17
VisualStudioVersion = 17.7.34031.279
MinimumVisualStudioVersion = 10.0.40219.1
Project("{2150E333-8FDC-42A3-9474-1A3956D46DE8}") = "Services", "Services", "{D2B06551-41ED-4B26-8CDC-1D077914A5ED}"
EndProject
Project("{2150E333-8FDC-42A3-9474-1A3956D46DE8}") = "Catalog", "Catalog", "{F2113565-5550-4667-A26B-83B6D9A2BC54}"
EndProject
Project("{9A19103F-16F7-4668-BE54-9A1E7A4F7556}") = "Catalog.API", "Services\Catalog\Catalog.API\Catalog.API.csproj", "{BB16120C-D148-4F6B-89CF-4A489E80B4C4}"
EndProject
Project("{E53339B2-1760-4266-BCC7-CA923CBCF16C}") = "docker-compose", "docker-compose.dcproj", "{80D340E5-5365-4608-9DC2-A86C87FF9323}"
EndProject
Project("{2150E333-8FDC-42A3-9474-1A3956D46DE8}") = "Basket", "Basket", "{5ECF55C7-816C-40FA-8E59-0CCD1A2F3B1C}"
EndProject
Project("{9A19103F-16F7-4668-BE54-9A1E7A4F7556}") = "Basket.API", "Services\Basket\Basket.API\Basket.API.csproj", "{936E5C55-676E-4DBA-9358-E1A4C7EA3F9A}"
EndProject
Project("{2150E333-8FDC-42A3-9474-1A3956D46DE8}") = "Discount", "Discount", "{D0B75AA0-4087-4942-B9EB-A01BB99043A4}"
EndProject
Project("{9A19103F-16F7-4668-BE54-9A1E7A4F7556}") = "Discount.API", "Services\Discount\Discount.API\Discount.API.csproj", "{1FABBB8F-9A02-4005-A20E-847A0A5F0FE5}"
EndProject
Project("{9A19103F-16F7-4668-BE54-9A1E7A4F7556}") = "Discount.Grpc", "Services\Discount\Discount.Grpc\Discount.Grpc.csproj", "{FE1EF970-851D-4E1D-9D69-CDF80106FB84}"
EndProject
Global
	GlobalSection(SolutionConfigurationPlatforms) = preSolution
		Debug|Any CPU = Debug|Any CPU
		Release|Any CPU = Release|Any CPU
	EndGlobalSection
	GlobalSection(ProjectConfigurationPlatforms) = postSolution
		{BB16120C-D148-4F6B-89CF-4A489E80B4C4}.Debug|Any CPU.ActiveCfg = Debug|Any CPU
		{BB16120C-D148-4F6B-89CF-4A489E80B4C4}.Debug|Any CPU.Build.0 = Debug|Any CPU
		{BB16120C-D148-4F6B-89CF-4A489E80B4C4}.Release|Any CPU.ActiveCfg = Release|Any CPU
		{BB16120C-D148-4F6B-89CF-4A489E80B4C4}.Release|Any CPU.Build.0 = Release|Any CPU
		{80D340E5-5365-4608-9DC2-A86C87FF9323}.Debug|Any CPU.ActiveCfg = Debug|Any CPU
		{80D340E5-5365-4608-9DC2-A86C87FF9323}.Debug|Any CPU.Build.0 = Debug|Any CPU
		{80D340E5-5365-4608-9DC2-A86C87FF9323}.Release|Any CPU.ActiveCfg = Release|Any CPU
		{80D340E5-5365-4608-9DC2-A86C87FF9323}.Release|Any CPU.Build.0 = Release|Any CPU
		{936E5C55-676E-4DBA-9358-E1A4C7EA3F9A}.Debug|Any CPU.ActiveCfg = Debug|Any CPU
		{936E5C55-676E-4DBA-9358-E1A4C7EA3F9A}.Debug|Any CPU.Build.0 = Debug|Any CPU
		{936E5C55-676E-4DBA-9358-E1A4C7EA3F9A}.Release|Any CPU.ActiveCfg = Release|Any CPU
		{936E5C55-676E-4DBA-9358-E1A4C7EA3F9A}.Release|Any CPU.Build.0 = Release|Any CPU
		{1FABBB8F-9A02-4005-A20E-847A0A5F0FE5}.Debug|Any CPU.ActiveCfg = Debug|Any CPU
		{1FABBB8F-9A02-4005-A20E-847A0A5F0FE5}.Debug|Any CPU.Build.0 = Debug|Any CPU
		{1FABBB8F-9A02-4005-A20E-847A0A5F0FE5}.Release|Any CPU.ActiveCfg = Release|Any CPU
		{1FABBB8F-9A02-4005-A20E-847A0A5F0FE5}.Release|Any CPU.Build.0 = Release|Any CPU
		{FE1EF970-851D-4E1D-9D69-CDF80106FB84}.Debug|Any CPU.ActiveCfg = Debug|Any CPU
		{FE1EF970-851D-4E1D-9D69-CDF80106FB84}.Debug|Any CPU.Build.0 = Debug|Any CPU
		{FE1EF970-851D-4E1D-9D69-CDF80106FB84}.Release|Any CPU.ActiveCfg = Release|Any CPU
		{FE1EF970-851D-4E1D-9D69-CDF80106FB84}.Release|Any CPU.Build.0 = Release|Any CPU
	EndGlobalSection
	GlobalSection(SolutionProperties) = preSolution
		HideSolutionNode = FALSE
	EndGlobalSection
	GlobalSection(NestedProjects) = preSolution
		{F2113565-5550-4667-A26B-83B6D9A2BC54} = {D2B06551-41ED-4B26-8CDC-1D077914A5ED}
		{BB16120C-D148-4F6B-89CF-4A489E80B4C4} = {F2113565-5550-4667-A26B-83B6D9A2BC54}
		{5ECF55C7-816C-40FA-8E59-0CCD1A2F3B1C} = {D2B06551-41ED-4B26-8CDC-1D077914A5ED}
		{936E5C55-676E-4DBA-9358-E1A4C7EA3F9A} = {5ECF55C7-816C-40FA-8E59-0CCD1A2F3B1C}
		{D0B75AA0-4087-4942-B9EB-A01BB99043A4} = {D2B06551-41ED-4B26-8CDC-1D077914A5ED}
		{1FABBB8F-9A02-4005-A20E-847A0A5F0FE5} = {D0B75AA0-4087-4942-B9EB-A01BB99043A4}
		{FE1EF970-851D-4E1D-9D69-CDF80106FB84} = {D0B75AA0-4087-4942-B9EB-A01BB99043A4}
	EndGlobalSection
	GlobalSection(ExtensibilityGlobals) = postSolution
		SolutionGuid = {D8EF5AD5-5637-499B-A021-45EB8BDCF8A6}
	EndGlobalSection
EndGlobal
